{
  "nodes": {
    "codetracer-trace-format": {
      "flake": false,
      "locked": {
        "lastModified": 1781210821,
        "narHash": "sha256-RD5jvt5K4S5UDKsAFXuB8jUh+0ZH9MBVvh+cly009/0=",
        "owner": "metacraft-labs",
        "repo": "codetracer-trace-format",
        "rev": "8feeed8bfec83b99cd15d7062249beb2f07b0c26",
        "type": "github"
      },
      "original": {
        "owner": "metacraft-labs",
        "ref": "main",
        "repo": "codetracer-trace-format",
        "type": "github"
      }
    },
    "codetracer-trace-format-nim": {
      "flake": false,
      "locked": {
        "lastModified": 1781208329,
        "narHash": "sha256-xoReU6nRF4uWMfdHN7Y416ug49xQWIzsRBjt2h6JbDA=",
        "owner": "metacraft-labs",
        "repo": "codetracer-trace-format-nim",
        "rev": "2a362a62b7004abeac67945a00148eebff56e032",
        "type": "github"
      },
      "original": {
        "owner": "metacraft-labs",
        "ref": "main",
        "repo": "codetracer-trace-format-nim",
        "type": "github"
      }
    },
    "fenix": {
      "inputs": {
        "nixpkgs": [
          "nixpkgs"
        ],
        "rust-analyzer-src": "rust-analyzer-src"
      },
      "locked": {
        "lastModified": 1773040819,
        "narHash": "sha256-9sFursJ9PJoYQFyARzQEKcv5D5SaGU3xJtZDSqEMtek=",
        "owner": "nix-community",
        "repo": "fenix",
        "rev": "6ed2afab20d32920f0984e619ff5f58b2b5d2948",
        "type": "github"
      },
      "original": {
        "owner": "nix-community",
        "repo": "fenix",
        "type": "github"
      }
    },
    "flake-compat": {
      "flake": false,
      "locked": {
        "lastModified": 1767039857,
        "narHash": "sha256-vNpUSpF5Nuw8xvDLj2KCwwksIbjua2LZCqhV1LNRDns=",
        "owner": "NixOS",
        "repo": "flake-compat",
        "rev": "5edf11c44bc78a0d334f6334cdaf7d60d732daab",
        "type": "github"
      },
      "original": {
        "owner": "NixOS",
        "repo": "flake-compat",
        "type": "github"
      }
    },
    "gitignore": {
      "inputs": {
        "nixpkgs": [
          "pre-commit-hooks",
          "nixpkgs"
        ]
      },
      "locked": {
        "lastModified": 1709087332,
        "narHash": "sha256-HG2cCnktfHsKV0s4XW83gU3F57gaTljL9KNSuG6bnQs=",
        "owner": "hercules-ci",
        "repo": "gitignore.nix",
        "rev": "637db329424fd7e46cf4185293b9cc8c88c95394",
        "type": "github"
      },
      "original": {
        "owner": "hercules-ci",
        "repo": "gitignore.nix",
        "type": "github"
      }
    },
    "nim-results": {
      "flake": false,
      "locked": {
        "lastModified": 1779884938,
        "narHash": "sha256-ikh1hDGRYayp5NPf6+eIb+g8YOO5YE/d7/Ro8PvVI1g=",
        "owner": "arnetheduck",
        "repo": "nim-results",
        "rev": "06deae1c81fd27b6c94bbc7cd0e619b6905d49da",
        "type": "github"
      },
      "original": {
        "owner": "arnetheduck",
        "ref": "master",
        "repo": "nim-results",
        "type": "github"
      }
    },
    "nim-stew": {
      "flake": false,
      "locked": {
        "lastModified": 1779875064,
        "narHash": "sha256-zqdUMcXLT97UU2MU6KQF6nChzDERtlRSh04DWFDAfQ0=",
        "owner": "status-im",
        "repo": "nim-stew",
        "rev": "784aba67a3217ff1fe810b8070857d21189945bf",
        "type": "github"
      },
      "original": {
        "owner": "status-im",
        "ref": "master",
        "repo": "nim-stew",
        "type": "github"
      }
    },
    "nixpkgs": {
      "locked": {
        "lastModified": 1779102034,
        "narHash": "sha256-vZJZjLo513IeI8hjzHFc6TDezUd4uCE2Eq4SNO3DNNg=",
        "owner": "NixOS",
        "repo": "nixpkgs",
        "rev": "687f05a9184cad4eaf905c48b63649e3a86f5433",
        "type": "github"
      },
      "original": {
        "owner": "NixOS",
        "ref": "nixos-25.11",
        "repo": "nixpkgs",
        "type": "github"
      }
    },
    "nixpkgs_2": {
      "locked": {
        "lastModified": 1770073757,
        "narHash": "sha256-Vy+G+F+3E/Tl+GMNgiHl9Pah2DgShmIUBJXmbiQPHbI=",
        "owner": "NixOS",
        "repo": "nixpkgs",
        "rev": "47472570b1e607482890801aeaf29bfb749884f6",
        "type": "github"
      },
      "original": {
        "owner": "NixOS",
        "ref": "nixpkgs-unstable",
        "repo": "nixpkgs",
        "type": "github"
      }
    },
    "pre-commit-hooks": {
      "inputs": {
        "flake-compat": "flake-compat",
        "gitignore": "gitignore",
        "nixpkgs": "nixpkgs_2"
      },
      "locked": {
        "lastModified": 1772893680,
        "narHash": "sha256-JDqZMgxUTCq85ObSaFw0HhE+lvdOre1lx9iI6vYyOEs=",
        "owner": "cachix",
        "repo": "git-hooks.nix",
        "rev": "8baab586afc9c9b57645a734c820e4ac0a604af9",
        "type": "github"
      },
      "original": {
        "owner": "cachix",
        "repo": "git-hooks.nix",
        "type": "github"
      }
    },
    "root": {
      "inputs": {
        "codetracer-trace-format": "codetracer-trace-format",
        "codetracer-trace-format-nim": "codetracer-trace-format-nim",
        "fenix": "fenix",
        "nim-results": "nim-results",
        "nim-stew": "nim-stew",
        "nixpkgs": "nixpkgs",
        "pre-commit-hooks": "pre-commit-hooks"
      }
    },
    "rust-analyzer-src": {
      "flake": false,
      "locked": {
        "lastModified": 1772938598,
        "narHash": "sha256-cxHbp8na0qO5U3SPGkSLzg3g9C81gJEG/7WbYPktD6o=",
        "owner": "rust-lang",
        "repo": "rust-analyzer",
        "rev": "51966da92da795f1cda89bef70d7c61266d4123a",
        "type": "github"
      },
      "original": {
        "owner": "rust-lang",
        "ref": "nightly",
        "repo": "rust-analyzer",
        "type": "github"
      }
    }
  },
  "root": "root",
  "version": 7
}
